schema: '2.0'
stages:
  load_data:
    cmd: python src/stage_01_load_and_save.py -c config/config.yaml
    deps:
    - path: config\config.yaml
      md5: 7dfa1baf044582ce56ebc74ca08ba8c8
      size: 259
    - path: src\stage_01_load_and_save.py
      md5: 01a9b1b7f48980d96e4bf79cad275f76
      size: 1570
    - path: src\utils\all_utils.py
      md5: c37dff7d0468e0debda77d8e61776d84
      size: 918
    outs:
    - path: artifacts\raw_local_dir\data.csv
      md5: c86f5fefb91fc59019e5263f90381346
      size: 21940
  split_data:
    cmd: python src/stage_02_split_data.py -c config/config.yaml -p params.yaml
    deps:
    - path: artifacts\raw_local_dir\data.csv
      md5: c86f5fefb91fc59019e5263f90381346
      size: 21940
    - path: config\config.yaml
      md5: 7dfa1baf044582ce56ebc74ca08ba8c8
      size: 259
    - path: src\stage_02_split_data.py
      md5: 2b8064b1edbc460a0dbddb69973fd9ef
      size: 2363
    - path: src\utils\all_utils.py
      md5: c37dff7d0468e0debda77d8e61776d84
      size: 918
    params:
      params.yaml:
        base.random_state: 42
        base.test_size: 0.2
    outs:
    - path: artifacts\split_data_dir\test.csv
      md5: 5de139a4a8e354e82e589e2175f5d26a
      size: 4517
    - path: artifacts\split_data_dir\train.csv
      md5: 12ab8f58f745799c0e7bae5c20f35c66
      size: 17579
